// !$*UTF8*$!
{
	archiveVersion = 1;
	classes = {
	};
	objectVersion = 50;
	objects = {

/* Begin PBXBuildFile section */
		A7E42CDD88767B85ACA6C7E7 /* libPods-TMLoadingManager.a in Frameworks */ = {isa = PBXBuildFile; fileRef = F79C15094FE6A1CC07128157 /* libPods-TMLoadingManager.a */; };
		AA035C6B226D8DB000F1DBB0 /* LoadingController.m in Sources */ = {isa = PBXBuildFile; fileRef = AA035C6A226D8DB000F1DBB0 /* LoadingController.m */; };
		AA09D6142266B42F00946B0D /* AppDelegate.m in Sources */ = {isa = PBXBuildFile; fileRef = AA09D6132266B42F00946B0D /* AppDelegate.m */; };
		AA09D6172266B43000946B0D /* ViewController.m in Sources */ = {isa = PBXBuildFile; fileRef = AA09D6162266B43000946B0D /* ViewController.m */; };
		AA09D61A2266B43000946B0D /* Main.storyboard in Resources */ = {isa = PBXBuildFile; fileRef = AA09D6182266B43000946B0D /* Main.storyboard */; };
		AA09D61C2266B43100946B0D /* Assets.xcassets in Resources */ = {isa = PBXBuildFile; fileRef = AA09D61B2266B43100946B0D /* Assets.xcassets */; };
		AA09D61F2266B43100946B0D /* LaunchScreen.storyboard in Resources */ = {isa = PBXBuildFile; fileRef = AA09D61D2266B43100946B0D /* LaunchScreen.storyboard */; };
		AA09D6222266B43100946B0D /* main.m in Sources */ = {isa = PBXBuildFile; fileRef = AA09D6212266B43100946B0D /* main.m */; };
		AA09D62C2266B43100946B0D /* TMLoadingManagerTests.m in Sources */ = {isa = PBXBuildFile; fileRef = AA09D62B2266B43100946B0D /* TMLoadingManagerTests.m */; };
		AA09D6372266B43100946B0D /* TMLoadingManagerUITests.m in Sources */ = {isa = PBXBuildFile; fileRef = AA09D6362266B43100946B0D /* TMLoadingManagerUITests.m */; };
		AA09D64D2266F9B600946B0D /* TMLoadingManager.m in Sources */ = {isa = PBXBuildFile; fileRef = AA09D64C2266F9B600946B0D /* TMLoadingManager.m */; };
/* End PBXBuildFile section */

/* Begin PBXContainerItemProxy section */
		AA09D6282266B43100946B0D /* PBXContainerItemProxy */ = {
			isa = PBXContainerItemProxy;
			containerPortal = AA09D6072266B42F00946B0D /* Project object */;
			proxyType = 1;
			remoteGlobalIDString = AA09D60E2266B42F00946B0D;
			remoteInfo = LTLoadingManager;
		};
		AA09D6332266B43100946B0D /* PBXContainerItemProxy */ = {
			isa = PBXContainerItemProxy;
			containerPortal = AA09D6072266B42F00946B0D /* Project object */;
			proxyType = 1;
			remoteGlobalIDString = AA09D60E2266B42F00946B0D;
			remoteInfo = LTLoadingManager;
		};
/* End PBXContainerItemProxy section */

/* Begin PBXFileReference section */
		021F6C478D8BB9E7BD12E308 /* Pods-TMLoadingManager.release.xcconfig */ = {isa = PBXFileReference; includeInIndex = 1; lastKnownFileType = text.xcconfig; name = "Pods-TMLoadingManager.release.xcconfig"; path = "Pods/Target Support Files/Pods-TMLoadingManager/Pods-TMLoadingManager.release.xcconfig"; sourceTree = "<group>"; };
		A7A75E77E8DEFA3A4E11EB59 /* Pods-LTLoadingManager.release.xcconfig */ = {isa = PBXFileReference; includeInIndex = 1; lastKnownFileType = text.xcconfig; name = "Pods-LTLoadingManager.release.xcconfig"; path = "Pods/Target Support Files/Pods-LTLoadingManager/Pods-LTLoadingManager.release.xcconfig"; sourceTree = "<group>"; };
		AA035C69226D8DB000F1DBB0 /* LoadingController.h */ = {isa = PBXFileReference; lastKnownFileType = sourcecode.c.h; path = LoadingController.h; sourceTree = "<group>"; };
		AA035C6A226D8DB000F1DBB0 /* LoadingController.m */ = {isa = PBXFileReference; lastKnownFileType = sourcecode.c.objc; path = LoadingController.m; sourceTree = "<group>"; };
		AA09D60F2266B42F00946B0D /* TMLoadingManager.app */ = {isa = PBXFileReference; explicitFileType = wrapper.application; includeInIndex = 0; path = TMLoadingManager.app; sourceTree = BUILT_PRODUCTS_DIR; };
		AA09D6122266B42F00946B0D /* AppDelegate.h */ = {isa = PBXFileReference; lastKnownFileType = sourcecode.c.h; path = AppDelegate.h; sourceTree = "<group>"; };
		AA09D6132266B42F00946B0D /* AppDelegate.m */ = {isa = PBXFileReference; lastKnownFileType = sourcecode.c.objc; path = AppDelegate.m; sourceTree = "<group>"; };
		AA09D6152266B43000946B0D /* ViewController.h */ = {isa = PBXFileReference; lastKnownFileType = sourcecode.c.h; path = ViewController.h; sourceTree = "<group>"; };
		AA09D6162266B43000946B0D /* ViewController.m */ = {isa = PBXFileReference; lastKnownFileType = sourcecode.c.objc; path = ViewController.m; sourceTree = "<group>"; };
		AA09D6192266B43000946B0D /* Base */ = {isa = PBXFileReference; lastKnownFileType = file.storyboard; name = Base; path = Base.lproj/Main.storyboard; sourceTree = "<group>"; };
		AA09D61B2266B43100946B0D /* Assets.xcassets */ = {isa = PBXFileReference; lastKnownFileType = folder.assetcatalog; path = Assets.xcassets; sourceTree = "<group>"; };
		AA09D61E2266B43100946B0D /* Base */ = {isa = PBXFileReference; lastKnownFileType = file.storyboard; name = Base; path = Base.lproj/LaunchScreen.storyboard; sourceTree = "<group>"; };
		AA09D6202266B43100946B0D /* Info.plist */ = {isa = PBXFileReference; lastKnownFileType = text.plist.xml; path = Info.plist; sourceTree = "<group>"; };
		AA09D6212266B43100946B0D /* main.m */ = {isa = PBXFileReference; lastKnownFileType = sourcecode.c.objc; path = main.m; sourceTree = "<group>"; };
		AA09D6272266B43100946B0D /* TMLoadingManagerTests.xctest */ = {isa = PBXFileReference; explicitFileType = wrapper.cfbundle; includeInIndex = 0; path = TMLoadingManagerTests.xctest; sourceTree = BUILT_PRODUCTS_DIR; };
		AA09D62B2266B43100946B0D /* TMLoadingManagerTests.m */ = {isa = PBXFileReference; lastKnownFileType = sourcecode.c.objc; path = TMLoadingManagerTests.m; sourceTree = "<group>"; };
		AA09D62D2266B43100946B0D /* Info.plist */ = {isa = PBXFileReference; lastKnownFileType = text.plist.xml; path = Info.plist; sourceTree = "<group>"; };
		AA09D6322266B43100946B0D /* TMLoadingManagerUITests.xctest */ = {isa = PBXFileReference; explicitFileType = wrapper.cfbundle; includeInIndex = 0; path = TMLoadingManagerUITests.xctest; sourceTree = BUILT_PRODUCTS_DIR; };
		AA09D6362266B43100946B0D /* TMLoadingManagerUITests.m */ = {isa = PBXFileReference; lastKnownFileType = sourcecode.c.objc; path = TMLoadingManagerUITests.m; sourceTree = "<group>"; };
		AA09D6382266B43100946B0D /* Info.plist */ = {isa = PBXFileReference; lastKnownFileType = text.plist.xml; path = Info.plist; sourceTree = "<group>"; };
		AA09D64B2266F9B600946B0D /* TMLoadingManager.h */ = {isa = PBXFileReference; lastKnownFileType = sourcecode.c.h; path = TMLoadingManager.h; sourceTree = "<group>"; };
		AA09D64C2266F9B600946B0D /* TMLoadingManager.m */ = {isa = PBXFileReference; lastKnownFileType = sourcecode.c.objc; path = TMLoadingManager.m; sourceTree = "<group>"; };
		B33D1480B19F45BB3BEC662A /* Pods-TMLoadingManager.debug.xcconfig */ = {isa = PBXFileReference; includeInIndex = 1; lastKnownFileType = text.xcconfig; name = "Pods-TMLoadingManager.debug.xcconfig"; path = "Pods/Target Support Files/Pods-TMLoadingManager/Pods-TMLoadingManager.debug.xcconfig"; sourceTree = "<group>"; };
		C400219DCADF147E1B9B08F1 /* Pods-LTLoadingManager.debug.xcconfig */ = {isa = PBXFileReference; includeInIndex = 1; lastKnownFileType = text.xcconfig; name = "Pods-LTLoadingManager.debug.xcconfig"; path = "Pods/Target Support Files/Pods-LTLoadingManager/Pods-LTLoadingManager.debug.xcconfig"; sourceTree = "<group>"; };
		F79C15094FE6A1CC07128157 /* libPods-TMLoadingManager.a */ = {isa = PBXFileReference; explicitFileType = archive.ar; includeInIndex = 0; path = "libPods-TMLoadingManager.a"; sourceTree = BUILT_PRODUCTS_DIR; };
/* End PBXFileReference section */

/* Begin PBXFrameworksBuildPhase section */
		AA09D60C2266B42F00946B0D /* Frameworks */ = {
			isa = PBXFrameworksBuildPhase;
			buildActionMask = 2147483647;
			files = (
				A7E42CDD88767B85ACA6C7E7 /* libPods-TMLoadingManager.a in Frameworks */,
			);
			runOnlyForDeploymentPostprocessing = 0;
		};
		AA09D6242266B43100946B0D /* Frameworks */ = {
			isa = PBXFrameworksBuildPhase;
			buildActionMask = 2147483647;
			files = (
			);
			runOnlyForDeploymentPostprocessing = 0;
		};
		AA09D62F2266B43100946B0D /* Frameworks */ = {
			isa = PBXFrameworksBuildPhase;
			buildActionMask = 2147483647;
			files = (
			);
			runOnlyForDeploymentPostprocessing = 0;
		};
/* End PBXFrameworksBuildPhase section */

/* Begin PBXGroup section */
		3A42804A54352AA037D4B266 /* Frameworks */ = {
			isa = PBXGroup;
			children = (
				F79C15094FE6A1CC07128157 /* libPods-TMLoadingManager.a */,
			);
			name = Frameworks;
			sourceTree = "<group>";
		};
		8C562FB6516BB8FC9922EB0F /* Pods */ = {
			isa = PBXGroup;
			children = (
				C400219DCADF147E1B9B08F1 /* Pods-LTLoadingManager.debug.xcconfig */,
				A7A75E77E8DEFA3A4E11EB59 /* Pods-LTLoadingManager.release.xcconfig */,
				B33D1480B19F45BB3BEC662A /* Pods-TMLoadingManager.debug.xcconfig */,
				021F6C478D8BB9E7BD12E308 /* Pods-TMLoadingManager.release.xcconfig */,
			);
			name = Pods;
			sourceTree = "<group>";
		};
		AA09D6062266B42F00946B0D = {
			isa = PBXGroup;
			children = (
				AA09D6112266B42F00946B0D /* TMLoadingManager */,
				AA09D62A2266B43100946B0D /* TMLoadingManagerTests */,
				AA09D6352266B43100946B0D /* TMLoadingManagerUITests */,
				AA09D6102266B42F00946B0D /* Products */,
				8C562FB6516BB8FC9922EB0F /* Pods */,
				3A42804A54352AA037D4B266 /* Frameworks */,
			);
			sourceTree = "<group>";
		};
		AA09D6102266B42F00946B0D /* Products */ = {
			isa = PBXGroup;
			children = (
				AA09D60F2266B42F00946B0D /* TMLoadingManager.app */,
				AA09D6272266B43100946B0D /* TMLoadingManagerTests.xctest */,
				AA09D6322266B43100946B0D /* TMLoadingManagerUITests.xctest */,
			);
			name = Products;
			sourceTree = "<group>";
		};
		AA09D6112266B42F00946B0D /* TMLoadingManager */ = {
			isa = PBXGroup;
			children = (
				AA09D64A2266F99200946B0D /* TMLoadingManager */,
				AA09D6122266B42F00946B0D /* AppDelegate.h */,
				AA09D6132266B42F00946B0D /* AppDelegate.m */,
				AA09D6152266B43000946B0D /* ViewController.h */,
				AA09D6162266B43000946B0D /* ViewController.m */,
				AA035C69226D8DB000F1DBB0 /* LoadingController.h */,
				AA035C6A226D8DB000F1DBB0 /* LoadingController.m */,
				AA09D6182266B43000946B0D /* Main.storyboard */,
				AA09D61B2266B43100946B0D /* Assets.xcassets */,
				AA09D61D2266B43100946B0D /* LaunchScreen.storyboard */,
				AA09D6202266B43100946B0D /* Info.plist */,
				AA09D6212266B43100946B0D /* main.m */,
			);
			path = TMLoadingManager;
			sourceTree = "<group>";
		};
		AA09D62A2266B43100946B0D /* TMLoadingManagerTests */ = {
			isa = PBXGroup;
			children = (
				AA09D62B2266B43100946B0D /* TMLoadingManagerTests.m */,
				AA09D62D2266B43100946B0D /* Info.plist */,
			);
			path = TMLoadingManagerTests;
			sourceTree = "<group>";
		};
		AA09D6352266B43100946B0D /* TMLoadingManagerUITests */ = {
			isa = PBXGroup;
			children = (
				AA09D6362266B43100946B0D /* TMLoadingManagerUITests.m */,
				AA09D6382266B43100946B0D /* Info.plist */,
			);
			path = TMLoadingManagerUITests;
			sourceTree = "<group>";
		};
		AA09D64A2266F99200946B0D /* TMLoadingManager */ = {
			isa = PBXGroup;
			children = (
				AA09D64B2266F9B600946B0D /* TMLoadingManager.h */,
				AA09D64C2266F9B600946B0D /* TMLoadingManager.m */,
			);
			path = TMLoadingManager;
			sourceTree = "<group>";
		};
/* End PBXGroup section */

/* Begin PBXNativeTarget section */
		AA09D60E2266B42F00946B0D /* TMLoadingManager */ = {
			isa = PBXNativeTarget;
			buildConfigurationList = AA09D63B2266B43100946B0D /* Build configuration list for PBXNativeTarget "TMLoadingManager" */;
			buildPhases = (
				AC829DCC8531A546867BE3CB /* [CP] Check Pods Manifest.lock */,
				AA09D60B2266B42F00946B0D /* Sources */,
				AA09D60C2266B42F00946B0D /* Frameworks */,
				AA09D60D2266B42F00946B0D /* Resources */,
			);
			buildRules = (
			);
			dependencies = (
			);
			name = TMLoadingManager;
			productName = LTLoadingManager;
			productReference = AA09D60F2266B42F00946B0D /* TMLoadingManager.app */;
			productType = "com.apple.product-type.application";
		};
		AA09D6262266B43100946B0D /* TMLoadingManagerTests */ = {
			isa = PBXNativeTarget;
			buildConfigurationList = AA09D63E2266B43100946B0D /* Build configuration list for PBXNativeTarget "TMLoadingManagerTests" */;
			buildPhases = (
				AA09D6232266B43100946B0D /* Sources */,
				AA09D6242266B43100946B0D /* Frameworks */,
				AA09D6252266B43100946B0D /* Resources */,
			);
			buildRules = (
			);
			dependencies = (
				AA09D6292266B43100946B0D /* PBXTargetDependency */,
			);
			name = TMLoadingManagerTests;
			productName = LTLoadingManagerTests;
			productReference = AA09D6272266B43100946B0D /* TMLoadingManagerTests.xctest */;
			productType = "com.apple.product-type.bundle.unit-test";
		};
		AA09D6312266B43100946B0D /* TMLoadingManagerUITests */ = {
			isa = PBXNativeTarget;
			buildConfigurationList = AA09D6412266B43100946B0D /* Build configuration list for PBXNativeTarget "TMLoadingManagerUITests" */;
			buildPhases = (
				AA09D62E2266B43100946B0D /* Sources */,
				AA09D62F2266B43100946B0D /* Frameworks */,
				AA09D6302266B43100946B0D /* Resources */,
			);
			buildRules = (
			);
			dependencies = (
				AA09D6342266B43100946B0D /* PBXTargetDependency */,
			);
			name = TMLoadingManagerUITests;
			productName = LTLoadingManagerUITests;
			productReference = AA09D6322266B43100946B0D /* TMLoadingManagerUITests.xctest */;
			productType = "com.apple.product-type.bundle.ui-testing";
		};
/* End PBXNativeTarget section */

/* Begin PBXProject section */
		AA09D6072266B42F00946B0D /* Project object */ = {
			isa = PBXProject;
			attributes = {
				LastUpgradeCheck = 1020;
				ORGANIZATIONNAME = mrstock;
				TargetAttributes = {
					AA09D60E2266B42F00946B0D = {
						CreatedOnToolsVersion = 10.2;
					};
					AA09D6262266B43100946B0D = {
						CreatedOnToolsVersion = 10.2;
						TestTargetID = AA09D60E2266B42F00946B0D;
					};
					AA09D6312266B43100946B0D = {
						CreatedOnToolsVersion = 10.2;
						TestTargetID = AA09D60E2266B42F00946B0D;
					};
				};
			};
			buildConfigurationList = AA09D60A2266B42F00946B0D /* Build configuration list for PBXProject "TMLoadingManager" */;
			compatibilityVersion = "Xcode 9.3";
			developmentRegion = en;
			hasScannedForEncodings = 0;
			knownRegions = (
				en,
				Base,
			);
			mainGroup = AA09D6062266B42F00946B0D;
			productRefGroup = AA09D6102266B42F00946B0D /* Products */;
			projectDirPath = "";
			projectRoot = "";
			targets = (
				AA09D60E2266B42F00946B0D /* TMLoadingManager */,
				AA09D6262266B43100946B0D /* TMLoadingManagerTests */,
				AA09D6312266B43100946B0D /* TMLoadingManagerUITests */,
			);
		};
/* End PBXProject section */

/* Begin PBXResourcesBuildPhase section */
		AA09D60D2266B42F00946B0D /* Resources */ = {
			isa = PBXResourcesBuildPhase;
			buildActionMask = 2147483647;
			files = (
				AA09D61F2266B43100946B0D /* LaunchScreen.storyboard in Resources */,
				AA09D61C2266B43100946B0D /* Assets.xcassets in Resources */,
				AA09D61A2266B43000946B0D /* Main.storyboard in Resources */,
			);
			runOnlyForDeploymentPostprocessing = 0;
		};
		AA09D6252266B43100946B0D /* Resources */ = {
			isa = PBXResourcesBuildPhase;
			buildActionMask = 2147483647;
			files = (
			);
			runOnlyForDeploymentPostprocessing = 0;
		};
		AA09D6302266B43100946B0D /* Resources */ = {
			isa = PBXResourcesBuildPhase;
			buildActionMask = 2147483647;
			files = (
			);
			runOnlyForDeploymentPostprocessing = 0;
		};
/* End PBXResourcesBuildPhase section */

/* Begin PBXShellScriptBuildPhase section */
		AC829DCC8531A546867BE3CB /* [CP] Check Pods Manifest.lock */ = {
			isa = PBXShellScriptBuildPhase;
			buildActionMask = 2147483647;
			files = (
			);
			inputFileListPaths = (
			);
			inputPaths = (
				"${PODS_PODFILE_DIR_PATH}/Podfile.lock",
				"${PODS_ROOT}/Manifest.lock",
			);
			name = "[CP] Check Pods Manifest.lock";
			outputFileListPaths = (
			);
			outputPaths = (
				"$(DERIVED_FILE_DIR)/Pods-TMLoadingManager-checkManifestLockResult.txt",
			);
			runOnlyForDeploymentPostprocessing = 0;
			shellPath = /bin/sh;
			shellScript = "diff \"${PODS_PODFILE_DIR_PATH}/Podfile.lock\" \"${PODS_ROOT}/Manifest.lock\" > /dev/null\nif [ $? != 0 ] ; then\n    # print error to STDERR\n    echo \"error: The sandbox is not in sync with the Podfile.lock. Run 'pod install' or update your CocoaPods installation.\" >&2\n    exit 1\nfi\n# This output is used by Xcode 'outputs' to avoid re-running this script phase.\necho \"SUCCESS\" > \"${SCRIPT_OUTPUT_FILE_0}\"\n";
			showEnvVarsInLog = 0;
		};
/* End PBXShellScriptBuildPhase section */

/* Begin PBXSourcesBuildPhase section */
		AA09D60B2266B42F00946B0D /* Sources */ = {
			isa = PBXSourcesBuildPhase;
			buildActionMask = 2147483647;
			files = (
				AA09D6172266B43000946B0D /* ViewController.m in Sources */,
				AA09D6222266B43100946B0D /* main.m in Sources */,
				AA035C6B226D8DB000F1DBB0 /* LoadingController.m in Sources */,
				AA09D64D2266F9B600946B0D /* TMLoadingManager.m in Sources */,
				AA09D6142266B42F00946B0D /* AppDelegate.m in Sources */,
			);
			runOnlyForDeploymentPostprocessing = 0;
		};
		AA09D6232266B43100946B0D /* Sources */ = {
			isa = PBXSourcesBuildPhase;
			buildActionMask = 2147483647;
			files = (
				AA09D62C2266B43100946B0D /* TMLoadingManagerTests.m in Sources */,
			);
			runOnlyForDeploymentPostprocessing = 0;
		};
		AA09D62E2266B43100946B0D /* Sources */ = {
			isa = PBXSourcesBuildPhase;
			buildActionMask = 2147483647;
			files = (
				AA09D6372266B43100946B0D /* TMLoadingManagerUITests.m in Sources */,
			);
			runOnlyForDeploymentPostprocessing = 0;
		};
/* End PBXSourcesBuildPhase section */

/* Begin PBXTargetDependency section */
		AA09D6292266B43100946B0D /* PBXTargetDependency */ = {
			isa = PBXTargetDependency;
			target = AA09D60E2266B42F00946B0D /* TMLoadingManager */;
			targetProxy = AA09D6282266B43100946B0D /* PBXContainerItemProxy */;
		};
		AA09D6342266B43100946B0D /* PBXTargetDependency */ = {
			isa = PBXTargetDependency;
			target = AA09D60E2266B42F00946B0D /* TMLoadingManager */;
			targetProxy = AA09D6332266B43100946B0D /* PBXContainerItemProxy */;
		};
/* End PBXTargetDependency section */

/* Begin PBXVariantGroup section */
		AA09D6182266B43000946B0D /* Main.storyboard */ = {
			isa = PBXVariantGroup;
			children = (
				AA09D6192266B43000946B0D /* Base */,
			);
			name = Main.storyboard;
			sourceTree = "<group>";
		};
		AA09D61D2266B43100946B0D /* LaunchScreen.storyboard */ = {
			isa = PBXVariantGroup;
			children = (
				AA09D61E2266B43100946B0D /* Base */,
			);
			name = LaunchScreen.storyboard;
			sourceTree = "<group>";
		};
/* End PBXVariantGroup section */

/* Begin XCBuildConfiguration section */
		AA09D6392266B43100946B0D /* Debug */ = {
			isa = XCBuildConfiguration;
			buildSettings = {
				ALWAYS_SEARCH_USER_PATHS = NO;
				CLANG_ANALYZER_NONNULL = YES;
				CLANG_ANALYZER_NUMBER_OBJECT_CONVERSION = YES_AGGRESSIVE;
				CLANG_CXX_LANGUAGE_STANDARD = "gnu++14";
				CLANG_CXX_LIBRARY = "libc++";
				CLANG_ENABLE_MODULES = YES;
				CLANG_ENABLE_OBJC_ARC = YES;
				CLANG_ENABLE_OBJC_WEAK = YES;
				CLANG_WARN_BLOCK_CAPTURE_AUTORELEASING = YES;
				CLANG_WARN_BOOL_CONVERSION = YES;
				CLANG_WARN_COMMA = YES;
				CLANG_WARN_CONSTANT_CONVERSION = YES;
				CLANG_WARN_DEPRECATED_OBJC_IMPLEMENTATIONS = YES;
				CLANG_WARN_DIRECT_OBJC_ISA_USAGE = YES_ERROR;
				CLANG_WARN_DOCUMENTATION_COMMENTS = YES;
				CLANG_WARN_EMPTY_BODY = YES;
				CLANG_WARN_ENUM_CONVERSION = YES;
				CLANG_WARN_INFINITE_RECURSION = YES;
				CLANG_WARN_INT_CONVERSION = YES;
				CLANG_WARN_NON_LITERAL_NULL_CONVERSION = YES;
				CLANG_WARN_OBJC_IMPLICIT_RETAIN_SELF = YES;
				CLANG_WARN_OBJC_LITERAL_CONVERSION = YES;
				CLANG_WARN_OBJC_ROOT_CLASS = YES_ERROR;
				CLANG_WARN_RANGE_LOOP_ANALYSIS = YES;
				CLANG_WARN_STRICT_PROTOTYPES = YES;
				CLANG_WARN_SUSPICIOUS_MOVE = YES;
				CLANG_WARN_UNGUARDED_AVAILABILITY = YES_AGGRESSIVE;
				CLANG_WARN_UNREACHABLE_CODE = YES;
				CLANG_WARN__DUPLICATE_METHOD_MATCH = YES;
				CODE_SIGN_IDENTITY = "iPhone Developer";
				COPY_PHASE_STRIP = NO;
				DEBUG_INFORMATION_FORMAT = dwarf;
				ENABLE_STRICT_OBJC_MSGSEND = YES;
				ENABLE_TESTABILITY = YES;
				GCC_C_LANGUAGE_STANDARD = gnu11;
				GCC_DYNAMIC_NO_PIC = NO;
				GCC_NO_COMMON_BLOCKS = YES;
				GCC_OPTIMIZATION_LEVEL = 0;
				GCC_PREPROCESSOR_DEFINITIONS = (
					"DEBUG=1",
					"$(inherited)",
				);
				GCC_WARN_64_TO_32_BIT_CONVERSION = YES;
				GCC_WARN_ABOUT_RETURN_TYPE = YES_ERROR;
				GCC_WARN_UNDECLARED_SELECTOR = YES;
				GCC_WARN_UNINITIALIZED_AUTOS = YES_AGGRESSIVE;
				GCC_WARN_UNUSED_FUNCTION = YES;
				GCC_WARN_UNUSED_VARIABLE = YES;
				IPHONEOS_DEPLOYMENT_TARGET = 12.2;
				MTL_ENABLE_DEBUG_INFO = INCLUDE_SOURCE;
				MTL_FAST_MATH = YES;
				ONLY_ACTIVE_ARCH = YES;
				SDKROOT = iphoneos;
			};
			name = Debug;
		};
		AA09D63A2266B43100946B0D /* Release */ = {
			isa = XCBuildConfiguration;
			buildSettings = {
				ALWAYS_SEARCH_USER_PATHS = NO;
				CLANG_ANALYZER_NONNULL = YES;
				CLANG_ANALYZER_NUMBER_OBJECT_CONVERSION = YES_AGGRESSIVE;
				CLANG_CXX_LANGUAGE_STANDARD = "gnu++14";
				CLANG_CXX_LIBRARY = "libc++";
				CLANG_ENABLE_MODULES = YES;
				CLANG_ENABLE_OBJC_ARC = YES;
				CLANG_ENABLE_OBJC_WEAK = YES;
				CLANG_WARN_BLOCK_CAPTURE_AUTORELEASING = YES;
				CLANG_WARN_BOOL_CONVERSION = YES;
				CLANG_WARN_COMMA = YES;
				CLANG_WARN_CONSTANT_CONVERSION = YES;
				CLANG_WARN_DEPRECATED_OBJC_IMPLEMENTATIONS = YES;
				CLANG_WARN_DIRECT_OBJC_ISA_USAGE = YES_ERROR;
				CLANG_WARN_DOCUMENTATION_COMMENTS = YES;
				CLANG_WARN_EMPTY_BODY = YES;
				CLANG_WARN_ENUM_CONVERSION = YES;
				CLANG_WARN_INFINITE_RECURSION = YES;
				CLANG_WARN_INT_CONVERSION = YES;
				CLANG_WARN_NON_LITERAL_NULL_CONVERSION = YES;
				CLANG_WARN_OBJC_IMPLICIT_RETAIN_SELF = YES;
				CLANG_WARN_OBJC_LITERAL_CONVERSION = YES;
				CLANG_WARN_OBJC_ROOT_CLASS = YES_ERROR;
				CLANG_WARN_RANGE_LOOP_ANALYSIS = YES;
				CLANG_WARN_STRICT_PROTOTYPES = YES;
				CLANG_WARN_SUSPICIOUS_MOVE = YES;
				CLANG_WARN_UNGUARDED_AVAILABILITY = YES_AGGRESSIVE;
				CLANG_WARN_UNREACHABLE_CODE = YES;
				CLANG_WARN__DUPLICATE_METHOD_MATCH = YES;
				CODE_SIGN_IDENTITY = "iPhone Developer";
				COPY_PHASE_STRIP = NO;
				DEBUG_INFORMATION_FORMAT = "dwarf-with-dsym";
				ENABLE_NS_ASSERTIONS = NO;
				ENABLE_STRICT_OBJC_MSGSEND = YES;
				GCC_C_LANGUAGE_STANDARD = gnu11;
				GCC_NO_COMMON_BLOCKS = YES;
				GCC_WARN_64_TO_32_BIT_CONVERSION = YES;
				GCC_WARN_ABOUT_RETURN_TYPE = YES_ERROR;
				GCC_WARN_UNDECLARED_SELECTOR = YES;
				GCC_WARN_UNINITIALIZED_AUTOS = YES_AGGRESSIVE;
				GCC_WARN_UNUSED_FUNCTION = YES;
				GCC_WARN_UNUSED_VARIABLE = YES;
				IPHONEOS_DEPLOYMENT_TARGET = 12.2;
				MTL_ENABLE_DEBUG_INFO = NO;
				MTL_FAST_MATH = YES;
				SDKROOT = iphoneos;
				VALIDATE_PRODUCT = YES;
			};
			name = Release;
		};
		AA09D63C2266B43100946B0D /* Debug */ = {
			isa = XCBuildConfiguration;
			baseConfigurationReference = B33D1480B19F45BB3BEC662A /* Pods-TMLoadingManager.debug.xcconfig */;
			buildSettings = {
				ASSETCATALOG_COMPILER_APPICON_NAME = AppIcon;
				CODE_SIGN_STYLE = Automatic;
				DEVELOPMENT_TEAM = X4634493CA;
				INFOPLIST_FILE = TMLoadingManager/Info.plist;
				IPHONEOS_DEPLOYMENT_TARGET = 9.0;
				LD_RUNPATH_SEARCH_PATHS = (
					"$(inherited)",
					"@executable_path/Frameworks",
				);
				PRODUCT_BUNDLE_IDENTIFIER = com.mrstock.LTLoadingManager;
				PRODUCT_NAME = "$(TARGET_NAME)";
				TARGETED_DEVICE_FAMILY = "1,2";
			};
			name = Debug;
		};
		AA09D63D2266B43100946B0D /* Release */ = {
			isa = XCBuildConfiguration;
			baseConfigurationReference = 021F6C478D8BB9E7BD12E308 /* Pods-TMLoadingManager.release.xcconfig */;
			buildSettings = {
				ASSETCATALOG_COMPILER_APPICON_NAME = AppIcon;
				CODE_SIGN_STYLE = Automatic;
				DEVELOPMENT_TEAM = X4634493CA;
				INFOPLIST_FILE = TMLoadingManager/Info.plist;
				IPHONEOS_DEPLOYMENT_TARGET = 9.0;
				LD_RUNPATH_SEARCH_PATHS = (
					"$(inherited)",
					"@executable_path/Frameworks",
				);
				PRODUCT_BUNDLE_IDENTIFIER = com.mrstock.LTLoadingManager;
				PRODUCT_NAME = "$(TARGET_NAME)";
				TARGETED_DEVICE_FAMILY = "1,2";
			};
			name = Release;
		};
		AA09D63F2266B43100946B0D /* Debug */ = {
			isa = XCBuildConfiguration;
			buildSettings = {
				BUNDLE_LOADER = "$(TEST_HOST)";
				CODE_SIGN_STYLE = Automatic;
				INFOPLIST_FILE = LTLoadingManagerTests/Info.plist;
				LD_RUNPATH_SEARCH_PATHS = (
					"$(inherited)",
					"@executable_path/Frameworks",
					"@loader_path/Frameworks",
				);
				PRODUCT_BUNDLE_IDENTIFIER = com.mrstock.LTLoadingManagerTests;
				PRODUCT_NAME = "$(TARGET_NAME)";
				TARGETED_DEVICE_FAMILY = "1,2";
				TEST_HOST = "$(BUILT_PRODUCTS_DIR)/TMLoadingManager.app/TMLoadingManager";
			};
			name = Debug;
		};
		AA09D6402266B43100946B0D /* Release */ = {
			isa = XCBuildConfiguration;
			buildSettings = {
				BUNDLE_LOADER = "$(TEST_HOST)";
				CODE_SIGN_STYLE = Automatic;
				INFOPLIST_FILE = LTLoadingManagerTests/Info.plist;
				LD_RUNPATH_SEARCH_PATHS = (
					"$(inherited)",
					"@executable_path/Frameworks",
					"@loader_path/Frameworks",
				);
				PRODUCT_BUNDLE_IDENTIFIER = com.mrstock.LTLoadingManagerTests;
				PRODUCT_NAME = "$(TARGET_NAME)";
				TARGETED_DEVICE_FAMILY = "1,2";
				TEST_HOST = "$(BUILT_PRODUCTS_DIR)/TMLoadingManager.app/TMLoadingManager";
			};
			name = Release;
		};
		AA09D6422266B43100946B0D /* Debug */ = {
			isa = XCBuildConfiguration;
			buildSettings = {
				CODE_SIGN_STYLE = Automatic;
				INFOPLIST_FILE = LTLoadingManagerUITests/Info.plist;
				LD_RUNPATH_SEARCH_PATHS = (
					"$(inherited)",
					"@executable_path/Frameworks",
					"@loader_path/Frameworks",
				);
				PRODUCT_BUNDLE_IDENTIFIER = com.mrstock.LTLoadingManagerUITests;
				PRODUCT_NAME = "$(TARGET_NAME)";
				TARGETED_DEVICE_FAMILY = "1,2";
				TEST_TARGET_NAME = LTLoadingManager;
			};
			name = Debug;
		};
		AA09D6432266B43100946B0D /* Release */ = {
			isa = XCBuildConfiguration;
			buildSettings = {
				CODE_SIGN_STYLE = Automatic;
				INFOPLIST_FILE = LTLoadingManagerUITests/Info.plist;
				LD_RUNPATH_SEARCH_PATHS = (
					"$(inherited)",
					"@executable_path/Frameworks",
					"@loader_path/Frameworks",
				);
				PRODUCT_BUNDLE_IDENTIFIER = com.mrstock.LTLoadingManagerUITests;
				PRODUCT_NAME = "$(TARGET_NAME)";
				TARGETED_DEVICE_FAMILY = "1,2";
				TEST_TARGET_NAME = LTLoadingManager;
			};
			name = Release;
		};
/* End XCBuildConfiguration section */

/* Begin XCConfigurationList section */
		AA09D60A2266B42F00946B0D /* Build configuration list for PBXProject "TMLoadingManager" */ = {
			isa = XCConfigurationList;
			buildConfigurations = (
				AA09D6392266B43100946B0D /* Debug */,
				AA09D63A2266B43100946B0D /* Release */,
			);
			defaultConfigurationIsVisible = 0;
			defaultConfigurationName = Release;
		};
		AA09D63B2266B43100946B0D /* Build configuration list for PBXNativeTarget "TMLoadingManager" */ = {
			isa = XCConfigurationList;
			buildConfigurations = (
				AA09D63C2266B43100946B0D /* Debug */,
				AA09D63D2266B43100946B0D /* Release */,
			);
			defaultConfigurationIsVisible = 0;
			defaultConfigurationName = Release;
		};
		AA09D63E2266B43100946B0D /* Build configuration list for PBXNativeTarget "TMLoadingManagerTests" */ = {
			isa = XCConfigurationList;
			buildConfigurations = (
				AA09D63F2266B43100946B0D /* Debug */,
				AA09D6402266B43100946B0D /* Release */,
			);
			defaultConfigurationIsVisible = 0;
			defaultConfigurationName = Release;
		};
		AA09D6412266B43100946B0D /* Build configuration list for PBXNativeTarget "TMLoadingManagerUITests" */ = {
			isa = XCConfigurationList;
			buildConfigurations = (
				AA09D6422266B43100946B0D /* Debug */,
				AA09D6432266B43100946B0D /* Release */,
			);
			defaultConfigurationIsVisible = 0;
			defaultConfigurationName = Release;
		};
/* End XCConfigurationList section */
	};
	rootObject = AA09D6072266B42F00946B0D /* Project object */;
}
